
Microsoft Visual Studio Solution File, Format Version 12.00
# Visual Studio Version 16
VisualStudioVersion = 16.0.30717.126
MinimumVisualStudioVersion = 10.0.40219.1
Project("{9A19103F-16F7-4668-BE54-9A1E7A4F7556}") = "LeilaoAppConsole", "LeilaoApp.Console\LeilaoAppConsole.csproj", "{458FC28C-46E7-472F-A75E-7640670FD5C6}"
EndProject
Project("{9A19103F-16F7-4668-BE54-9A1E7A4F7556}") = "LeilaoApp.Domain", "LeilaoApp.Domain\LeilaoApp.Domain.csproj", "{8364BAE5-8F12-45A8-A596-BFB09ECBC731}"
EndProject
Project("{9A19103F-16F7-4668-BE54-9A1E7A4F7556}") = "LeilaoApp.Infrastructure", "LeilaoApp.Infrastructure\LeilaoApp.Infrastructure.csproj", "{E4C21B7E-E8B3-47F9-8E66-B9582B87A7E1}"
EndProject
Project("{FAE04EC0-301F-11D3-BF4B-00C04F79EFBC}") = "LeilaoApp.UWP", "LeilaoApp.UWP\LeilaoApp.UWP.csproj", "{311BD6BC-BADB-400B-956A-386AEC971C98}"
EndProject
Global
	GlobalSection(SolutionConfigurationPlatforms) = preSolution
		Debug|Any CPU = Debug|Any CPU
		Debug|ARM = Debug|ARM
		Debug|ARM64 = Debug|ARM64
		Debug|x64 = Debug|x64
		Debug|x86 = Debug|x86
		Release|Any CPU = Release|Any CPU
		Release|ARM = Release|ARM
		Release|ARM64 = Release|ARM64
		Release|x64 = Release|x64
		Release|x86 = Release|x86
	EndGlobalSection
	GlobalSection(ProjectConfigurationPlatforms) = postSolution
		{458FC28C-46E7-472F-A75E-7640670FD5C6}.Debug|Any CPU.ActiveCfg = Debug|Any CPU
		{458FC28C-46E7-472F-A75E-7640670FD5C6}.Debug|Any CPU.Build.0 = Debug|Any CPU
		{458FC28C-46E7-472F-A75E-7640670FD5C6}.Debug|ARM.ActiveCfg = Debug|Any CPU
		{458FC28C-46E7-472F-A75E-7640670FD5C6}.Debug|ARM.Build.0 = Debug|Any CPU
		{458FC28C-46E7-472F-A75E-7640670FD5C6}.Debug|ARM64.ActiveCfg = Debug|Any CPU
		{458FC28C-46E7-472F-A75E-7640670FD5C6}.Debug|ARM64.Build.0 = Debug|Any CPU
		{458FC28C-46E7-472F-A75E-7640670FD5C6}.Debug|x64.ActiveCfg = Debug|Any CPU
		{458FC28C-46E7-472F-A75E-7640670FD5C6}.Debug|x64.Build.0 = Debug|Any CPU
		{458FC28C-46E7-472F-A75E-7640670FD5C6}.Debug|x86.ActiveCfg = Debug|Any CPU
		{458FC28C-46E7-472F-A75E-7640670FD5C6}.Debug|x86.Build.0 = Debug|Any CPU
		{458FC28C-46E7-472F-A75E-7640670FD5C6}.Release|Any CPU.ActiveCfg = Release|Any CPU
		{458FC28C-46E7-472F-A75E-7640670FD5C6}.Release|Any CPU.Build.0 = Release|Any CPU
		{458FC28C-46E7-472F-A75E-7640670FD5C6}.Release|ARM.ActiveCfg = Release|Any CPU
		{458FC28C-46E7-472F-A75E-7640670FD5C6}.Release|ARM.Build.0 = Release|Any CPU
		{458FC28C-46E7-472F-A75E-7640670FD5C6}.Release|ARM64.ActiveCfg = Release|Any CPU
		{458FC28C-46E7-472F-A75E-7640670FD5C6}.Release|ARM64.Build.0 = Release|Any CPU
		{458FC28C-46E7-472F-A75E-7640670FD5C6}.Release|x64.ActiveCfg = Release|Any CPU
		{458FC28C-46E7-472F-A75E-7640670FD5C6}.Release|x64.Build.0 = Release|Any CPU
		{458FC28C-46E7-472F-A75E-7640670FD5C6}.Release|x86.ActiveCfg = Release|Any CPU
		{458FC28C-46E7-472F-A75E-7640670FD5C6}.Release|x86.Build.0 = Release|Any CPU
		{8364BAE5-8F12-45A8-A596-BFB09ECBC731}.Debug|Any CPU.ActiveCfg = Debug|Any CPU
		{8364BAE5-8F12-45A8-A596-BFB09ECBC731}.Debug|Any CPU.Build.0 = Debug|Any CPU
		{8364BAE5-8F12-45A8-A596-BFB09ECBC731}.Debug|ARM.ActiveCfg = Debug|Any CPU
		{8364BAE5-8F12-45A8-A596-BFB09ECBC731}.Debug|ARM.Build.0 = Debug|Any CPU
		{8364BAE5-8F12-45A8-A596-BFB09ECBC731}.Debug|ARM64.ActiveCfg = Debug|Any CPU
		{8364BAE5-8F12-45A8-A596-BFB09ECBC731}.Debug|ARM64.Build.0 = Debug|Any CPU
		{8364BAE5-8F12-45A8-A596-BFB09ECBC731}.Debug|x64.ActiveCfg = Debug|Any CPU
		{8364BAE5-8F12-45A8-A596-BFB09ECBC731}.Debug|x64.Build.0 = Debug|Any CPU
		{8364BAE5-8F12-45A8-A596-BFB09ECBC731}.Debug|x86.ActiveCfg = Debug|Any CPU
		{8364BAE5-8F12-45A8-A596-BFB09ECBC731}.Debug|x86.Build.0 = Debug|Any CPU
		{8364BAE5-8F12-45A8-A596-BFB09ECBC731}.Release|Any CPU.ActiveCfg = Release|Any CPU
		{8364BAE5-8F12-45A8-A596-BFB09ECBC731}.Release|Any CPU.Build.0 = Release|Any CPU
		{8364BAE5-8F12-45A8-A596-BFB09ECBC731}.Release|ARM.ActiveCfg = Release|Any CPU
		{8364BAE5-8F12-45A8-A596-BFB09ECBC731}.Release|ARM.Build.0 = Release|Any CPU
		{8364BAE5-8F12-45A8-A596-BFB09ECBC731}.Release|ARM64.ActiveCfg = Release|Any CPU
		{8364BAE5-8F12-45A8-A596-BFB09ECBC731}.Release|ARM64.Build.0 = Release|Any CPU
		{8364BAE5-8F12-45A8-A596-BFB09ECBC731}.Release|x64.ActiveCfg = Release|Any CPU
		{8364BAE5-8F12-45A8-A596-BFB09ECBC731}.Release|x64.Build.0 = Release|Any CPU
		{8364BAE5-8F12-45A8-A596-BFB09ECBC731}.Release|x86.ActiveCfg = Release|Any CPU
		{8364BAE5-8F12-45A8-A596-BFB09ECBC731}.Release|x86.Build.0 = Release|Any CPU
		{E4C21B7E-E8B3-47F9-8E66-B9582B87A7E1}.Debug|Any CPU.ActiveCfg = Debug|Any CPU
		{E4C21B7E-E8B3-47F9-8E66-B9582B87A7E1}.Debug|Any CPU.Build.0 = Debug|Any CPU
		{E4C21B7E-E8B3-47F9-8E66-B9582B87A7E1}.Debug|ARM.ActiveCfg = Debug|Any CPU
		{E4C21B7E-E8B3-47F9-8E66-B9582B87A7E1}.Debug|ARM.Build.0 = Debug|Any CPU
		{E4C21B7E-E8B3-47F9-8E66-B9582B87A7E1}.Debug|ARM64.ActiveCfg = Debug|Any CPU
		{E4C21B7E-E8B3-47F9-8E66-B9582B87A7E1}.Debug|ARM64.Build.0 = Debug|Any CPU
		{E4C21B7E-E8B3-47F9-8E66-B9582B87A7E1}.Debug|x64.ActiveCfg = Debug|Any CPU
		{E4C21B7E-E8B3-47F9-8E66-B9582B87A7E1}.Debug|x64.Build.0 = Debug|Any CPU
		{E4C21B7E-E8B3-47F9-8E66-B9582B87A7E1}.Debug|x86.ActiveCfg = Debug|Any CPU
		{E4C21B7E-E8B3-47F9-8E66-B9582B87A7E1}.Debug|x86.Build.0 = Debug|Any CPU
		{E4C21B7E-E8B3-47F9-8E66-B9582B87A7E1}.Release|Any CPU.ActiveCfg = Release|Any CPU
		{E4C21B7E-E8B3-47F9-8E66-B9582B87A7E1}.Release|Any CPU.Build.0 = Release|Any CPU
		{E4C21B7E-E8B3-47F9-8E66-B9582B87A7E1}.Release|ARM.ActiveCfg = Release|Any CPU
		{E4C21B7E-E8B3-47F9-8E66-B9582B87A7E1}.Release|ARM.Build.0 = Release|Any CPU
		{E4C21B7E-E8B3-47F9-8E66-B9582B87A7E1}.Release|ARM64.ActiveCfg = Release|Any CPU
		{E4C21B7E-E8B3-47F9-8E66-B9582B87A7E1}.Release|ARM64.Build.0 = Release|Any CPU
		{E4C21B7E-E8B3-47F9-8E66-B9582B87A7E1}.Release|x64.ActiveCfg = Release|Any CPU
		{E4C21B7E-E8B3-47F9-8E66-B9582B87A7E1}.Release|x64.Build.0 = Release|Any CPU
		{E4C21B7E-E8B3-47F9-8E66-B9582B87A7E1}.Release|x86.ActiveCfg = Release|Any CPU
		{E4C21B7E-E8B3-47F9-8E66-B9582B87A7E1}.Release|x86.Build.0 = Release|Any CPU
		{311BD6BC-BADB-400B-956A-386AEC971C98}.Debug|Any CPU.ActiveCfg = Debug|x86
		{311BD6BC-BADB-400B-956A-386AEC971C98}.Debug|ARM.ActiveCfg = Debug|ARM
		{311BD6BC-BADB-400B-956A-386AEC971C98}.Debug|ARM.Build.0 = Debug|ARM
		{311BD6BC-BADB-400B-956A-386AEC971C98}.Debug|ARM.Deploy.0 = Debug|ARM
		{311BD6BC-BADB-400B-956A-386AEC971C98}.Debug|ARM64.ActiveCfg = Debug|ARM64
		{311BD6BC-BADB-400B-956A-386AEC971C98}.Debug|ARM64.Build.0 = Debug|ARM64
		{311BD6BC-BADB-400B-956A-386AEC971C98}.Debug|ARM64.Deploy.0 = Debug|ARM64
		{311BD6BC-BADB-400B-956A-386AEC971C98}.Debug|x64.ActiveCfg = Debug|x64
		{311BD6BC-BADB-400B-956A-386AEC971C98}.Debug|x64.Build.0 = Debug|x64
		{311BD6BC-BADB-400B-956A-386AEC971C98}.Debug|x64.Deploy.0 = Debug|x64
		{311BD6BC-BADB-400B-956A-386AEC971C98}.Debug|x86.ActiveCfg = Debug|x86
		{311BD6BC-BADB-400B-956A-386AEC971C98}.Debug|x86.Build.0 = Debug|x86
		{311BD6BC-BADB-400B-956A-386AEC971C98}.Debug|x86.Deploy.0 = Debug|x86
		{311BD6BC-BADB-400B-956A-386AEC971C98}.Release|Any CPU.ActiveCfg = Release|x86
		{311BD6BC-BADB-400B-956A-386AEC971C98}.Release|ARM.ActiveCfg = Release|ARM
		{311BD6BC-BADB-400B-956A-386AEC971C98}.Release|ARM.Build.0 = Release|ARM
		{311BD6BC-BADB-400B-956A-386AEC971C98}.Release|ARM.Deploy.0 = Release|ARM
		{311BD6BC-BADB-400B-956A-386AEC971C98}.Release|ARM64.ActiveCfg = Release|ARM64
		{311BD6BC-BADB-400B-956A-386AEC971C98}.Release|ARM64.Build.0 = Release|ARM64
		{311BD6BC-BADB-400B-956A-386AEC971C98}.Release|ARM64.Deploy.0 = Release|ARM64
		{311BD6BC-BADB-400B-956A-386AEC971C98}.Release|x64.ActiveCfg = Release|x64
		{311BD6BC-BADB-400B-956A-386AEC971C98}.Release|x64.Build.0 = Release|x64
		{311BD6BC-BADB-400B-956A-386AEC971C98}.Release|x64.Deploy.0 = Release|x64
		{311BD6BC-BADB-400B-956A-386AEC971C98}.Release|x86.ActiveCfg = Release|x86
		{311BD6BC-BADB-400B-956A-386AEC971C98}.Release|x86.Build.0 = Release|x86
		{311BD6BC-BADB-400B-956A-386AEC971C98}.Release|x86.Deploy.0 = Release|x86
	EndGlobalSection
	GlobalSection(SolutionProperties) = preSolution
		HideSolutionNode = FALSE
	EndGlobalSection
	GlobalSection(ExtensibilityGlobals) = postSolution
		SolutionGuid = {238370B0-E10C-49E2-B73A-D563670D1C2D}
	EndGlobalSection
EndGlobal
